
Microsoft Visual Studio Solution File, Format Version 12.00
# Visual Studio Version 17
VisualStudioVersion = 17.4.33213.308
MinimumVisualStudioVersion = 10.0.40219.1
Project("{FAE04EC0-301F-11D3-BF4B-00C04F79EFBC}") = "KampIntro1", "KampIntro1\KampIntro1.csproj", "{708EF36E-CC7B-45CA-ACC1-51B7B966F2C2}"
EndProject
Project("{FAE04EC0-301F-11D3-BF4B-00C04F79EFBC}") = "Donguler", "Donguler\Donguler.csproj", "{4CD40574-5354-48B5-9864-3194FACEB53D}"
EndProject
Project("{FAE04EC0-301F-11D3-BF4B-00C04F79EFBC}") = "ClassIntro", "ClassIntro\ClassIntro.csproj", "{C9CAFE59-0F93-4E36-B4A9-F12A949B576D}"
EndProject
Project("{FAE04EC0-301F-11D3-BF4B-00C04F79EFBC}") = "Metotlar", "Metotlar\Metotlar.csproj", "{F5E973CB-D0FE-45C2-8A52-6C88A5EA5E0B}"
EndProject
Project("{FAE04EC0-301F-11D3-BF4B-00C04F79EFBC}") = "Matematik", "Matematik\Matematik.csproj", "{B1404408-070D-4ECB-928D-7A7723B3DF12}"
EndProject
Project("{FAE04EC0-301F-11D3-BF4B-00C04F79EFBC}") = "DeğerVeReferansTipler", "DeğerVeReferansTipler\DeğerVeReferansTipler.csproj", "{9EDEE86C-715B-4BBA-8CE7-5E489A6CF33A}"
EndProject
Project("{FAE04EC0-301F-11D3-BF4B-00C04F79EFBC}") = "OOP1", "OOP1\OOP1.csproj", "{A310F3BD-EF2E-439D-8471-00B8BDC08748}"
EndProject
Project("{FAE04EC0-301F-11D3-BF4B-00C04F79EFBC}") = "Koleksiyonlar", "Koleksiyonlar\Koleksiyonlar.csproj", "{9B790E53-BA76-4204-AC81-FAB17E879E15}"
EndProject
Project("{FAE04EC0-301F-11D3-BF4B-00C04F79EFBC}") = "GenericsIntro", "GenericsIntro\GenericsIntro.csproj", "{B558A18E-77E8-4C96-A2AA-7026520593C4}"
EndProject
Project("{FAE04EC0-301F-11D3-BF4B-00C04F79EFBC}") = "Odev", "Odev\Odev.csproj", "{F8541C03-2C3C-486B-8097-28B62A7DA75A}"
EndProject
Project("{FAE04EC0-301F-11D3-BF4B-00C04F79EFBC}") = "ClassMetotDemo", "ClassMetotDemo\ClassMetotDemo.csproj", "{2B298A50-5701-4582-B3D0-8671BFD4EA5B}"
EndProject
Project("{FAE04EC0-301F-11D3-BF4B-00C04F79EFBC}") = "ReferenceTypes", "ReferenceTypes\ReferenceTypes.csproj", "{5AA815EC-4AEA-435E-B7C7-8FF7EEDA85E6}"
EndProject
Project("{FAE04EC0-301F-11D3-BF4B-00C04F79EFBC}") = "Constructors", "Constructors\Constructors.csproj", "{496FA4C7-216E-4B5A-B21C-6BE1AAA3EC00}"
EndProject
Project("{FAE04EC0-301F-11D3-BF4B-00C04F79EFBC}") = "Generics", "Generics\Generics.csproj", "{E4D1FB2E-A8B4-4CEC-ADF7-5E00419052C3}"
EndProject
Project("{FAE04EC0-301F-11D3-BF4B-00C04F79EFBC}") = "Deneme", "Deneme\Deneme.csproj", "{41C74433-B5E1-464A-B3D7-B3FB8CF761AC}"
EndProject
Project("{FAE04EC0-301F-11D3-BF4B-00C04F79EFBC}") = "OOP4", "OOP4\OOP4.csproj", "{1F2FAA32-EABC-4D1A-A514-2147D490043E}"
EndProject
Global
	GlobalSection(SolutionConfigurationPlatforms) = preSolution
		Debug|Any CPU = Debug|Any CPU
		Release|Any CPU = Release|Any CPU
	EndGlobalSection
	GlobalSection(ProjectConfigurationPlatforms) = postSolution
		{708EF36E-CC7B-45CA-ACC1-51B7B966F2C2}.Debug|Any CPU.ActiveCfg = Debug|Any CPU
		{708EF36E-CC7B-45CA-ACC1-51B7B966F2C2}.Debug|Any CPU.Build.0 = Debug|Any CPU
		{708EF36E-CC7B-45CA-ACC1-51B7B966F2C2}.Release|Any CPU.ActiveCfg = Release|Any CPU
		{708EF36E-CC7B-45CA-ACC1-51B7B966F2C2}.Release|Any CPU.Build.0 = Release|Any CPU
		{4CD40574-5354-48B5-9864-3194FACEB53D}.Debug|Any CPU.ActiveCfg = Debug|Any CPU
		{4CD40574-5354-48B5-9864-3194FACEB53D}.Debug|Any CPU.Build.0 = Debug|Any CPU
		{4CD40574-5354-48B5-9864-3194FACEB53D}.Release|Any CPU.ActiveCfg = Release|Any CPU
		{4CD40574-5354-48B5-9864-3194FACEB53D}.Release|Any CPU.Build.0 = Release|Any CPU
		{C9CAFE59-0F93-4E36-B4A9-F12A949B576D}.Debug|Any CPU.ActiveCfg = Debug|Any CPU
		{C9CAFE59-0F93-4E36-B4A9-F12A949B576D}.Debug|Any CPU.Build.0 = Debug|Any CPU
		{C9CAFE59-0F93-4E36-B4A9-F12A949B576D}.Release|Any CPU.ActiveCfg = Release|Any CPU
		{C9CAFE59-0F93-4E36-B4A9-F12A949B576D}.Release|Any CPU.Build.0 = Release|Any CPU
		{F5E973CB-D0FE-45C2-8A52-6C88A5EA5E0B}.Debug|Any CPU.ActiveCfg = Debug|Any CPU
		{F5E973CB-D0FE-45C2-8A52-6C88A5EA5E0B}.Debug|Any CPU.Build.0 = Debug|Any CPU
		{F5E973CB-D0FE-45C2-8A52-6C88A5EA5E0B}.Release|Any CPU.ActiveCfg = Release|Any CPU
		{F5E973CB-D0FE-45C2-8A52-6C88A5EA5E0B}.Release|Any CPU.Build.0 = Release|Any CPU
		{B1404408-070D-4ECB-928D-7A7723B3DF12}.Debug|Any CPU.ActiveCfg = Debug|Any CPU
		{B1404408-070D-4ECB-928D-7A7723B3DF12}.Debug|Any CPU.Build.0 = Debug|Any CPU
		{B1404408-070D-4ECB-928D-7A7723B3DF12}.Release|Any CPU.ActiveCfg = Release|Any CPU
		{B1404408-070D-4ECB-928D-7A7723B3DF12}.Release|Any CPU.Build.0 = Release|Any CPU
		{9EDEE86C-715B-4BBA-8CE7-5E489A6CF33A}.Debug|Any CPU.ActiveCfg = Debug|Any CPU
		{9EDEE86C-715B-4BBA-8CE7-5E489A6CF33A}.Debug|Any CPU.Build.0 = Debug|Any CPU
		{9EDEE86C-715B-4BBA-8CE7-5E489A6CF33A}.Release|Any CPU.ActiveCfg = Release|Any CPU
		{9EDEE86C-715B-4BBA-8CE7-5E489A6CF33A}.Release|Any CPU.Build.0 = Release|Any CPU
		{A310F3BD-EF2E-439D-8471-00B8BDC08748}.Debug|Any CPU.ActiveCfg = Debug|Any CPU
		{A310F3BD-EF2E-439D-8471-00B8BDC08748}.Debug|Any CPU.Build.0 = Debug|Any CPU
		{A310F3BD-EF2E-439D-8471-00B8BDC08748}.Release|Any CPU.ActiveCfg = Release|Any CPU
		{A310F3BD-EF2E-439D-8471-00B8BDC08748}.Release|Any CPU.Build.0 = Release|Any CPU
		{9B790E53-BA76-4204-AC81-FAB17E879E15}.Debug|Any CPU.ActiveCfg = Debug|Any CPU
		{9B790E53-BA76-4204-AC81-FAB17E879E15}.Debug|Any CPU.Build.0 = Debug|Any CPU
		{9B790E53-BA76-4204-AC81-FAB17E879E15}.Release|Any CPU.ActiveCfg = Release|Any CPU
		{9B790E53-BA76-4204-AC81-FAB17E879E15}.Release|Any CPU.Build.0 = Release|Any CPU
		{B558A18E-77E8-4C96-A2AA-7026520593C4}.Debug|Any CPU.ActiveCfg = Debug|Any CPU
		{B558A18E-77E8-4C96-A2AA-7026520593C4}.Debug|Any CPU.Build.0 = Debug|Any CPU
		{B558A18E-77E8-4C96-A2AA-7026520593C4}.Release|Any CPU.ActiveCfg = Release|Any CPU
		{B558A18E-77E8-4C96-A2AA-7026520593C4}.Release|Any CPU.Build.0 = Release|Any CPU
		{F8541C03-2C3C-486B-8097-28B62A7DA75A}.Debug|Any CPU.ActiveCfg = Debug|Any CPU
		{F8541C03-2C3C-486B-8097-28B62A7DA75A}.Debug|Any CPU.Build.0 = Debug|Any CPU
		{F8541C03-2C3C-486B-8097-28B62A7DA75A}.Release|Any CPU.ActiveCfg = Release|Any CPU
		{F8541C03-2C3C-486B-8097-28B62A7DA75A}.Release|Any CPU.Build.0 = Release|Any CPU
		{2B298A50-5701-4582-B3D0-8671BFD4EA5B}.Debug|Any CPU.ActiveCfg = Debug|Any CPU
		{2B298A50-5701-4582-B3D0-8671BFD4EA5B}.Debug|Any CPU.Build.0 = Debug|Any CPU
		{2B298A50-5701-4582-B3D0-8671BFD4EA5B}.Release|Any CPU.ActiveCfg = Release|Any CPU
		{2B298A50-5701-4582-B3D0-8671BFD4EA5B}.Release|Any CPU.Build.0 = Release|Any CPU
		{5AA815EC-4AEA-435E-B7C7-8FF7EEDA85E6}.Debug|Any CPU.ActiveCfg = Debug|Any CPU
		{5AA815EC-4AEA-435E-B7C7-8FF7EEDA85E6}.Debug|Any CPU.Build.0 = Debug|Any CPU
		{5AA815EC-4AEA-435E-B7C7-8FF7EEDA85E6}.Release|Any CPU.ActiveCfg = Release|Any CPU
		{5AA815EC-4AEA-435E-B7C7-8FF7EEDA85E6}.Release|Any CPU.Build.0 = Release|Any CPU
		{496FA4C7-216E-4B5A-B21C-6BE1AAA3EC00}.Debug|Any CPU.ActiveCfg = Debug|Any CPU
		{496FA4C7-216E-4B5A-B21C-6BE1AAA3EC00}.Debug|Any CPU.Build.0 = Debug|Any CPU
		{496FA4C7-216E-4B5A-B21C-6BE1AAA3EC00}.Release|Any CPU.ActiveCfg = Release|Any CPU
		{496FA4C7-216E-4B5A-B21C-6BE1AAA3EC00}.Release|Any CPU.Build.0 = Release|Any CPU
		{E4D1FB2E-A8B4-4CEC-ADF7-5E00419052C3}.Debug|Any CPU.ActiveCfg = Debug|Any CPU
		{E4D1FB2E-A8B4-4CEC-ADF7-5E00419052C3}.Debug|Any CPU.Build.0 = Debug|Any CPU
		{E4D1FB2E-A8B4-4CEC-ADF7-5E00419052C3}.Release|Any CPU.ActiveCfg = Release|Any CPU
		{E4D1FB2E-A8B4-4CEC-ADF7-5E00419052C3}.Release|Any CPU.Build.0 = Release|Any CPU
		{41C74433-B5E1-464A-B3D7-B3FB8CF761AC}.Debug|Any CPU.ActiveCfg = Debug|Any CPU
		{41C74433-B5E1-464A-B3D7-B3FB8CF761AC}.Debug|Any CPU.Build.0 = Debug|Any CPU
		{41C74433-B5E1-464A-B3D7-B3FB8CF761AC}.Release|Any CPU.ActiveCfg = Release|Any CPU
		{41C74433-B5E1-464A-B3D7-B3FB8CF761AC}.Release|Any CPU.Build.0 = Release|Any CPU
		{1F2FAA32-EABC-4D1A-A514-2147D490043E}.Debug|Any CPU.ActiveCfg = Debug|Any CPU
		{1F2FAA32-EABC-4D1A-A514-2147D490043E}.Debug|Any CPU.Build.0 = Debug|Any CPU
		{1F2FAA32-EABC-4D1A-A514-2147D490043E}.Release|Any CPU.ActiveCfg = Release|Any CPU
		{1F2FAA32-EABC-4D1A-A514-2147D490043E}.Release|Any CPU.Build.0 = Release|Any CPU
	EndGlobalSection
	GlobalSection(SolutionProperties) = preSolution
		HideSolutionNode = FALSE
	EndGlobalSection
	GlobalSection(ExtensibilityGlobals) = postSolution
		SolutionGuid = {FCBF32DB-10DB-4043-BC9C-091A31E00CD7}
	EndGlobalSection
EndGlobal
